// !$*UTF8*$!
{
	archiveVersion = 1;
	classes = {
	};
	objectVersion = 48;
	objects = {

/* Begin PBXBuildFile section */
		08C356D820748B5700B49DA3 /* AppDelegate.swift in Sources */ = {isa = PBXBuildFile; fileRef = 08C356D720748B5700B49DA3 /* AppDelegate.swift */; };
		08C356DA20748B5700B49DA3 /* ViewController.swift in Sources */ = {isa = PBXBuildFile; fileRef = 08C356D920748B5700B49DA3 /* ViewController.swift */; };
		08C356DD20748B5700B49DA3 /* Main.storyboard in Resources */ = {isa = PBXBuildFile; fileRef = 08C356DB20748B5700B49DA3 /* Main.storyboard */; };
		08C356DF20748B5700B49DA3 /* Assets.xcassets in Resources */ = {isa = PBXBuildFile; fileRef = 08C356DE20748B5700B49DA3 /* Assets.xcassets */; };
		08C356E220748B5700B49DA3 /* LaunchScreen.storyboard in Resources */ = {isa = PBXBuildFile; fileRef = 08C356E020748B5700B49DA3 /* LaunchScreen.storyboard */; };
		08C356ED20748B5800B49DA3 /* ApplicationForiOSTests.swift in Sources */ = {isa = PBXBuildFile; fileRef = 08C356EC20748B5800B49DA3 /* ApplicationForiOSTests.swift */; };
		08C356F820748B5800B49DA3 /* ApplicationForiOSUITests.swift in Sources */ = {isa = PBXBuildFile; fileRef = 08C356F720748B5800B49DA3 /* ApplicationForiOSUITests.swift */; };
/* End PBXBuildFile section */

/* Begin PBXContainerItemProxy section */
		08C356E920748B5700B49DA3 /* PBXContainerItemProxy */ = {
			isa = PBXContainerItemProxy;
			containerPortal = 08C356CC20748B5700B49DA3 /* Project object */;
			proxyType = 1;
			remoteGlobalIDString = 08C356D320748B5700B49DA3;
			remoteInfo = ApplicationForiOS;
		};
		08C356F420748B5800B49DA3 /* PBXContainerItemProxy */ = {
			isa = PBXContainerItemProxy;
			containerPortal = 08C356CC20748B5700B49DA3 /* Project object */;
			proxyType = 1;
			remoteGlobalIDString = 08C356D320748B5700B49DA3;
			remoteInfo = ApplicationForiOS;
		};
/* End PBXContainerItemProxy section */

/* Begin PBXFileReference section */
		08C356D420748B5700B49DA3 /* ApplicationForiOS.app */ = {isa = PBXFileReference; explicitFileType = wrapper.application; includeInIndex = 0; path = ApplicationForiOS.app; sourceTree = BUILT_PRODUCTS_DIR; };
		08C356D720748B5700B49DA3 /* AppDelegate.swift */ = {isa = PBXFileReference; lastKnownFileType = sourcecode.swift; path = AppDelegate.swift; sourceTree = "<group>"; };
		08C356D920748B5700B49DA3 /* ViewController.swift */ = {isa = PBXFileReference; lastKnownFileType = sourcecode.swift; path = ViewController.swift; sourceTree = "<group>"; };
		08C356DC20748B5700B49DA3 /* Base */ = {isa = PBXFileReference; lastKnownFileType = file.storyboard; name = Base; path = Base.lproj/Main.storyboard; sourceTree = "<group>"; };
		08C356DE20748B5700B49DA3 /* Assets.xcassets */ = {isa = PBXFileReference; lastKnownFileType = folder.assetcatalog; path = Assets.xcassets; sourceTree = "<group>"; };
		08C356E120748B5700B49DA3 /* Base */ = {isa = PBXFileReference; lastKnownFileType = file.storyboard; name = Base; path = Base.lproj/LaunchScreen.storyboard; sourceTree = "<group>"; };
		08C356E320748B5700B49DA3 /* Info.plist */ = {isa = PBXFileReference; lastKnownFileType = text.plist.xml; path = Info.plist; sourceTree = "<group>"; };
		08C356E820748B5700B49DA3 /* ApplicationForiOSTests.xctest */ = {isa = PBXFileReference; explicitFileType = wrapper.cfbundle; includeInIndex = 0; path = ApplicationForiOSTests.xctest; sourceTree = BUILT_PRODUCTS_DIR; };
		08C356EC20748B5800B49DA3 /* ApplicationForiOSTests.swift */ = {isa = PBXFileReference; lastKnownFileType = sourcecode.swift; path = ApplicationForiOSTests.swift; sourceTree = "<group>"; };
		08C356EE20748B5800B49DA3 /* Info.plist */ = {isa = PBXFileReference; lastKnownFileType = text.plist.xml; path = Info.plist; sourceTree = "<group>"; };
		08C356F320748B5800B49DA3 /* ApplicationForiOSUITests.xctest */ = {isa = PBXFileReference; explicitFileType = wrapper.cfbundle; includeInIndex = 0; path = ApplicationForiOSUITests.xctest; sourceTree = BUILT_PRODUCTS_DIR; };
		08C356F720748B5800B49DA3 /* ApplicationForiOSUITests.swift */ = {isa = PBXFileReference; lastKnownFileType = sourcecode.swift; path = ApplicationForiOSUITests.swift; sourceTree = "<group>"; };
		08C356F920748B5800B49DA3 /* Info.plist */ = {isa = PBXFileReference; lastKnownFileType = text.plist.xml; path = Info.plist; sourceTree = "<group>"; };
/* End PBXFileReference section */

/* Begin PBXFrameworksBuildPhase section */
		08C356D120748B5700B49DA3 /* Frameworks */ = {
			isa = PBXFrameworksBuildPhase;
			buildActionMask = 2147483647;
			files = (
			);
			runOnlyForDeploymentPostprocessing = 0;
		};
		08C356E520748B5700B49DA3 /* Frameworks */ = {
			isa = PBXFrameworksBuildPhase;
			buildActionMask = 2147483647;
			files = (
			);
			runOnlyForDeploymentPostprocessing = 0;
		};
		08C356F020748B5800B49DA3 /* Frameworks */ = {
			isa = PBXFrameworksBuildPhase;
			buildActionMask = 2147483647;
			files = (
			);
			runOnlyForDeploymentPostprocessing = 0;
		};
/* End PBXFrameworksBuildPhase section */

/* Begin PBXGroup section */
		08C356CB20748B5700B49DA3 = {
			isa = PBXGroup;
			children = (
				08C356D620748B5700B49DA3 /* ApplicationForiOS */,
				08C356EB20748B5800B49DA3 /* ApplicationForiOSTests */,
				08C356F620748B5800B49DA3 /* ApplicationForiOSUITests */,
				08C356D520748B5700B49DA3 /* Products */,
			);
			sourceTree = "<group>";
		};
		08C356D520748B5700B49DA3 /* Products */ = {
			isa = PBXGroup;
			children = (
				08C356D420748B5700B49DA3 /* ApplicationForiOS.app */,
				08C356E820748B5700B49DA3 /* ApplicationForiOSTests.xctest */,
				08C356F320748B5800B49DA3 /* ApplicationForiOSUITests.xctest */,
			);
			name = Products;
			sourceTree = "<group>";
		};
		08C356D620748B5700B49DA3 /* ApplicationForiOS */ = {
			isa = PBXGroup;
			children = (
				08C356D720748B5700B49DA3 /* AppDelegate.swift */,
				08C356D920748B5700B49DA3 /* ViewController.swift */,
				08C356DB20748B5700B49DA3 /* Main.storyboard */,
				08C356DE20748B5700B49DA3 /* Assets.xcassets */,
				08C356E020748B5700B49DA3 /* LaunchScreen.storyboard */,
				08C356E320748B5700B49DA3 /* Info.plist */,
			);
			path = ApplicationForiOS;
			sourceTree = "<group>";
		};
		08C356EB20748B5800B49DA3 /* ApplicationForiOSTests */ = {
			isa = PBXGroup;
			children = (
				08C356EC20748B5800B49DA3 /* ApplicationForiOSTests.swift */,
				08C356EE20748B5800B49DA3 /* Info.plist */,
			);
			path = ApplicationForiOSTests;
			sourceTree = "<group>";
		};
		08C356F620748B5800B49DA3 /* ApplicationForiOSUITests */ = {
			isa = PBXGroup;
			children = (
				08C356F720748B5800B49DA3 /* ApplicationForiOSUITests.swift */,
				08C356F920748B5800B49DA3 /* Info.plist */,
			);
			path = ApplicationForiOSUITests;
			sourceTree = "<group>";
		};
/* End PBXGroup section */

/* Begin PBXNativeTarget section */
		08C356D320748B5700B49DA3 /* ApplicationForiOS */ = {
			isa = PBXNativeTarget;
			buildConfigurationList = 08C356FC20748B5800B49DA3 /* Build configuration list for PBXNativeTarget "ApplicationForiOS" */;
			buildPhases = (
				08C356D020748B5700B49DA3 /* Sources */,
				08C356D120748B5700B49DA3 /* Frameworks */,
				08C356D220748B5700B49DA3 /* Resources */,
			);
			buildRules = (
			);
			dependencies = (
			);
			name = ApplicationForiOS;
			productName = ApplicationForiOS;
			productReference = 08C356D420748B5700B49DA3 /* ApplicationForiOS.app */;
			productType = "com.apple.product-type.application";
		};
		08C356E720748B5700B49DA3 /* ApplicationForiOSTests */ = {
			isa = PBXNativeTarget;
			buildConfigurationList = 08C356FF20748B5800B49DA3 /* Build configuration list for PBXNativeTarget "ApplicationForiOSTests" */;
			buildPhases = (
				08C356E420748B5700B49DA3 /* Sources */,
				08C356E520748B5700B49DA3 /* Frameworks */,
				08C356E620748B5700B49DA3 /* Resources */,
			);
			buildRules = (
			);
			dependencies = (
				08C356EA20748B5700B49DA3 /* PBXTargetDependency */,
			);
			name = ApplicationForiOSTests;
			productName = ApplicationForiOSTests;
			productReference = 08C356E820748B5700B49DA3 /* ApplicationForiOSTests.xctest */;
			productType = "com.apple.product-type.bundle.unit-test";
		};
		08C356F220748B5800B49DA3 /* ApplicationForiOSUITests */ = {
			isa = PBXNativeTarget;
			buildConfigurationList = 08C3570220748B5800B49DA3 /* Build configuration list for PBXNativeTarget "ApplicationForiOSUITests" */;
			buildPhases = (
				08C356EF20748B5800B49DA3 /* Sources */,
				08C356F020748B5800B49DA3 /* Frameworks */,
				08C356F120748B5800B49DA3 /* Resources */,
			);
			buildRules = (
			);
			dependencies = (
				08C356F520748B5800B49DA3 /* PBXTargetDependency */,
			);
			name = ApplicationForiOSUITests;
			productName = ApplicationForiOSUITests;
			productReference = 08C356F320748B5800B49DA3 /* ApplicationForiOSUITests.xctest */;
			productType = "com.apple.product-type.bundle.ui-testing";
		};
/* End PBXNativeTarget section */

/* Begin PBXProject section */
		08C356CC20748B5700B49DA3 /* Project object */ = {
			isa = PBXProject;
			attributes = {
				LastSwiftUpdateCheck = 0920;
				LastUpgradeCheck = 0920;
				ORGANIZATIONNAME = "Sundir Talari";
				TargetAttributes = {
					08C356D320748B5700B49DA3 = {
						CreatedOnToolsVersion = 9.2;
						ProvisioningStyle = Automatic;
					};
					08C356E720748B5700B49DA3 = {
						CreatedOnToolsVersion = 9.2;
						ProvisioningStyle = Automatic;
						TestTargetID = 08C356D320748B5700B49DA3;
					};
					08C356F220748B5800B49DA3 = {
						CreatedOnToolsVersion = 9.2;
						ProvisioningStyle = Automatic;
						TestTargetID = 08C356D320748B5700B49DA3;
					};
				};
			};
			buildConfigurationList = 08C356CF20748B5700B49DA3 /* Build configuration list for PBXProject "ApplicationForiOS" */;
			compatibilityVersion = "Xcode 8.0";
			developmentRegion = en;
			hasScannedForEncodings = 0;
			knownRegions = (
				en,
				Base,
			);
			mainGroup = 08C356CB20748B5700B49DA3;
			productRefGroup = 08C356D520748B5700B49DA3 /* Products */;
			projectDirPath = "";
			projectRoot = "";
			targets = (
				08C356D320748B5700B49DA3 /* ApplicationForiOS */,
				08C356E720748B5700B49DA3 /* ApplicationForiOSTests */,
				08C356F220748B5800B49DA3 /* ApplicationForiOSUITests */,
			);
		};
/* End PBXProject section */

/* Begin PBXResourcesBuildPhase section */
		08C356D220748B5700B49DA3 /* Resources */ = {
			isa = PBXResourcesBuildPhase;
			buildActionMask = 2147483647;
			files = (
				08C356E220748B5700B49DA3 /* LaunchScreen.storyboard in Resources */,
				08C356DF20748B5700B49DA3 /* Assets.xcassets in Resources */,
				08C356DD20748B5700B49DA3 /* Main.storyboard in Resources */,
			);
			runOnlyForDeploymentPostprocessing = 0;
		};
		08C356E620748B5700B49DA3 /* Resources */ = {
			isa = PBXResourcesBuildPhase;
			buildActionMask = 2147483647;
			files = (
			);
			runOnlyForDeploymentPostprocessing = 0;
		};
		08C356F120748B5800B49DA3 /* Resources */ = {
			isa = PBXResourcesBuildPhase;
			buildActionMask = 2147483647;
			files = (
			);
			runOnlyForDeploymentPostprocessing = 0;
		};
/* End PBXResourcesBuildPhase section */

/* Begin PBXSourcesBuildPhase section */
		08C356D020748B5700B49DA3 /* Sources */ = {
			isa = PBXSourcesBuildPhase;
			buildActionMask = 2147483647;
			files = (
				08C356DA20748B5700B49DA3 /* ViewController.swift in Sources */,
				08C356D820748B5700B49DA3 /* AppDelegate.swift in Sources */,
			);
			runOnlyForDeploymentPostprocessing = 0;
		};
		08C356E420748B5700B49DA3 /* Sources */ = {
			isa = PBXSourcesBuildPhase;
			buildActionMask = 2147483647;
			files = (
				08C356ED20748B5800B49DA3 /* ApplicationForiOSTests.swift in Sources */,
			);
			runOnlyForDeploymentPostprocessing = 0;
		};
		08C356EF20748B5800B49DA3 /* Sources */ = {
			isa = PBXSourcesBuildPhase;
			buildActionMask = 2147483647;
			files = (
				08C356F820748B5800B49DA3 /* ApplicationForiOSUITests.swift in Sources */,
			);
			runOnlyForDeploymentPostprocessing = 0;
		};
/* End PBXSourcesBuildPhase section */

/* Begin PBXTargetDependency section */
		08C356EA20748B5700B49DA3 /* PBXTargetDependency */ = {
			isa = PBXTargetDependency;
			target = 08C356D320748B5700B49DA3 /* ApplicationForiOS */;
			targetProxy = 08C356E920748B5700B49DA3 /* PBXContainerItemProxy */;
		};
		08C356F520748B5800B49DA3 /* PBXTargetDependency */ = {
			isa = PBXTargetDependency;
			target = 08C356D320748B5700B49DA3 /* ApplicationForiOS */;
			targetProxy = 08C356F420748B5800B49DA3 /* PBXContainerItemProxy */;
		};
/* End PBXTargetDependency section */

/* Begin PBXVariantGroup section */
		08C356DB20748B5700B49DA3 /* Main.storyboard */ = {
			isa = PBXVariantGroup;
			children = (
				08C356DC20748B5700B49DA3 /* Base */,
			);
			name = Main.storyboard;
			sourceTree = "<group>";
		};
		08C356E020748B5700B49DA3 /* LaunchScreen.storyboard */ = {
			isa = PBXVariantGroup;
			children = (
				08C356E120748B5700B49DA3 /* Base */,
			);
			name = LaunchScreen.storyboard;
			sourceTree = "<group>";
		};
/* End PBXVariantGroup section */

/* Begin XCBuildConfiguration section */
		08C356FA20748B5800B49DA3 /* Debug */ = {
			isa = XCBuildConfiguration;
			buildSettings = {
				ALWAYS_SEARCH_USER_PATHS = NO;
				CLANG_ANALYZER_NONNULL = YES;
				CLANG_ANALYZER_NUMBER_OBJECT_CONVERSION = YES_AGGRESSIVE;
				CLANG_CXX_LANGUAGE_STANDARD = "gnu++14";
				CLANG_CXX_LIBRARY = "libc++";
				CLANG_ENABLE_MODULES = YES;
				CLANG_ENABLE_OBJC_ARC = YES;
				CLANG_WARN_BLOCK_CAPTURE_AUTORELEASING = YES;
				CLANG_WARN_BOOL_CONVERSION = YES;
				CLANG_WARN_COMMA = YES;
				CLANG_WARN_CONSTANT_CONVERSION = YES;
				CLANG_WARN_DIRECT_OBJC_ISA_USAGE = YES_ERROR;
				CLANG_WARN_DOCUMENTATION_COMMENTS = YES;
				CLANG_WARN_EMPTY_BODY = YES;
				CLANG_WARN_ENUM_CONVERSION = YES;
				CLANG_WARN_INFINITE_RECURSION = YES;
				CLANG_WARN_INT_CONVERSION = YES;
				CLANG_WARN_NON_LITERAL_NULL_CONVERSION = YES;
				CLANG_WARN_OBJC_LITERAL_CONVERSION = YES;
				CLANG_WARN_OBJC_ROOT_CLASS = YES_ERROR;
				CLANG_WARN_RANGE_LOOP_ANALYSIS = YES;
				CLANG_WARN_STRICT_PROTOTYPES = YES;
				CLANG_WARN_SUSPICIOUS_MOVE = YES;
				CLANG_WARN_UNGUARDED_AVAILABILITY = YES_AGGRESSIVE;
				CLANG_WARN_UNREACHABLE_CODE = YES;
				CLANG_WARN__DUPLICATE_METHOD_MATCH = YES;
				CODE_SIGN_IDENTITY = "iPhone Developer";
				COPY_PHASE_STRIP = NO;
				DEBUG_INFORMATION_FORMAT = dwarf;
				ENABLE_STRICT_OBJC_MSGSEND = YES;
				ENABLE_TESTABILITY = YES;
				GCC_C_LANGUAGE_STANDARD = gnu11;
				GCC_DYNAMIC_NO_PIC = NO;
				GCC_NO_COMMON_BLOCKS = YES;
				GCC_OPTIMIZATION_LEVEL = 0;
				GCC_PREPROCESSOR_DEFINITIONS = (
					"DEBUG=1",
					"$(inherited)",
				);
				GCC_WARN_64_TO_32_BIT_CONVERSION = YES;
				GCC_WARN_ABOUT_RETURN_TYPE = YES_ERROR;
				GCC_WARN_UNDECLARED_SELECTOR = YES;
				GCC_WARN_UNINITIALIZED_AUTOS = YES_AGGRESSIVE;
				GCC_WARN_UNUSED_FUNCTION = YES;
				GCC_WARN_UNUSED_VARIABLE = YES;
				IPHONEOS_DEPLOYMENT_TARGET = 11.2;
				MTL_ENABLE_DEBUG_INFO = YES;
				ONLY_ACTIVE_ARCH = YES;
				SDKROOT = iphoneos;
				SWIFT_ACTIVE_COMPILATION_CONDITIONS = DEBUG;
				SWIFT_OPTIMIZATION_LEVEL = "-Onone";
			};
			name = Debug;
		};
		08C356FB20748B5800B49DA3 /* Release */ = {
			isa = XCBuildConfiguration;
			buildSettings = {
				ALWAYS_SEARCH_USER_PATHS = NO;
				CLANG_ANALYZER_NONNULL = YES;
				CLANG_ANALYZER_NUMBER_OBJECT_CONVERSION = YES_AGGRESSIVE;
				CLANG_CXX_LANGUAGE_STANDARD = "gnu++14";
				CLANG_CXX_LIBRARY = "libc++";
				CLANG_ENABLE_MODULES = YES;
				CLANG_ENABLE_OBJC_ARC = YES;
				CLANG_WARN_BLOCK_CAPTURE_AUTORELEASING = YES;
				CLANG_WARN_BOOL_CONVERSION = YES;
				CLANG_WARN_COMMA = YES;
				CLANG_WARN_CONSTANT_CONVERSION = YES;
				CLANG_WARN_DIRECT_OBJC_ISA_USAGE = YES_ERROR;
				CLANG_WARN_DOCUMENTATION_COMMENTS = YES;
				CLANG_WARN_EMPTY_BODY = YES;
				CLANG_WARN_ENUM_CONVERSION = YES;
				CLANG_WARN_INFINITE_RECURSION = YES;
				CLANG_WARN_INT_CONVERSION = YES;
				CLANG_WARN_NON_LITERAL_NULL_CONVERSION = YES;
				CLANG_WARN_OBJC_LITERAL_CONVERSION = YES;
				CLANG_WARN_OBJC_ROOT_CLASS = YES_ERROR;
				CLANG_WARN_RANGE_LOOP_ANALYSIS = YES;
				CLANG_WARN_STRICT_PROTOTYPES = YES;
				CLANG_WARN_SUSPICIOUS_MOVE = YES;
				CLANG_WARN_UNGUARDED_AVAILABILITY = YES_AGGRESSIVE;
				CLANG_WARN_UNREACHABLE_CODE = YES;
				CLANG_WARN__DUPLICATE_METHOD_MATCH = YES;
				CODE_SIGN_IDENTITY = "iPhone Developer";
				COPY_PHASE_STRIP = NO;
				DEBUG_INFORMATION_FORMAT = "dwarf-with-dsym";
				ENABLE_NS_ASSERTIONS = NO;
				ENABLE_STRICT_OBJC_MSGSEND = YES;
				GCC_C_LANGUAGE_STANDARD = gnu11;
				GCC_NO_COMMON_BLOCKS = YES;
				GCC_WARN_64_TO_32_BIT_CONVERSION = YES;
				GCC_WARN_ABOUT_RETURN_TYPE = YES_ERROR;
				GCC_WARN_UNDECLARED_SELECTOR = YES;
				GCC_WARN_UNINITIALIZED_AUTOS = YES_AGGRESSIVE;
				GCC_WARN_UNUSED_FUNCTION = YES;
				GCC_WARN_UNUSED_VARIABLE = YES;
				IPHONEOS_DEPLOYMENT_TARGET = 11.2;
				MTL_ENABLE_DEBUG_INFO = NO;
				SDKROOT = iphoneos;
				SWIFT_OPTIMIZATION_LEVEL = "-Owholemodule";
				VALIDATE_PRODUCT = YES;
			};
			name = Release;
		};
		08C356FD20748B5800B49DA3 /* Debug */ = {
			isa = XCBuildConfiguration;
			buildSettings = {
				ASSETCATALOG_COMPILER_APPICON_NAME = AppIcon;
				CODE_SIGN_STYLE = Automatic;
				INFOPLIST_FILE = ApplicationForiOS/Info.plist;
				LD_RUNPATH_SEARCH_PATHS = "$(inherited) @executable_path/Frameworks";
				PRODUCT_BUNDLE_IDENTIFIER = com.peers.ApplicationForiOS;
				PRODUCT_NAME = "$(TARGET_NAME)";
				SWIFT_VERSION = 4.0;
				TARGETED_DEVICE_FAMILY = "1,2";
			};
			name = Debug;
		};
		08C356FE20748B5800B49DA3 /* Release */ = {
			isa = XCBuildConfiguration;
			buildSettings = {
				ASSETCATALOG_COMPILER_APPICON_NAME = AppIcon;
				CODE_SIGN_STYLE = Automatic;
				INFOPLIST_FILE = ApplicationForiOS/Info.plist;
				LD_RUNPATH_SEARCH_PATHS = "$(inherited) @executable_path/Frameworks";
				PRODUCT_BUNDLE_IDENTIFIER = com.peers.ApplicationForiOS;
				PRODUCT_NAME = "$(TARGET_NAME)";
				SWIFT_VERSION = 4.0;
				TARGETED_DEVICE_FAMILY = "1,2";
			};
			name = Release;
		};
		08C3570020748B5800B49DA3 /* Debug */ = {
			isa = XCBuildConfiguration;
			buildSettings = {
				ALWAYS_EMBED_SWIFT_STANDARD_LIBRARIES = YES;
				BUNDLE_LOADER = "$(TEST_HOST)";
				CODE_SIGN_STYLE = Automatic;
				INFOPLIST_FILE = ApplicationForiOSTests/Info.plist;
				LD_RUNPATH_SEARCH_PATHS = "$(inherited) @executable_path/Frameworks @loader_path/Frameworks";
				PRODUCT_BUNDLE_IDENTIFIER = com.peers.ApplicationForiOSTests;
				PRODUCT_NAME = "$(TARGET_NAME)";
				SWIFT_VERSION = 4.0;
				TARGETED_DEVICE_FAMILY = "1,2";
				TEST_HOST = "$(BUILT_PRODUCTS_DIR)/ApplicationForiOS.app/ApplicationForiOS";
			};
			name = Debug;
		};
		08C3570120748B5800B49DA3 /* Release */ = {
			isa = XCBuildConfiguration;
			buildSettings = {
				ALWAYS_EMBED_SWIFT_STANDARD_LIBRARIES = YES;
				BUNDLE_LOADER = "$(TEST_HOST)";
				CODE_SIGN_STYLE = Automatic;
				INFOPLIST_FILE = ApplicationForiOSTests/Info.plist;
				LD_RUNPATH_SEARCH_PATHS = "$(inherited) @executable_path/Frameworks @loader_path/Frameworks";
				PRODUCT_BUNDLE_IDENTIFIER = com.peers.ApplicationForiOSTests;
				PRODUCT_NAME = "$(TARGET_NAME)";
				SWIFT_VERSION = 4.0;
				TARGETED_DEVICE_FAMILY = "1,2";
				TEST_HOST = "$(BUILT_PRODUCTS_DIR)/ApplicationForiOS.app/ApplicationForiOS";
			};
			name = Release;
		};
		08C3570320748B5800B49DA3 /* Debug */ = {
			isa = XCBuildConfiguration;
			buildSettings = {
				ALWAYS_EMBED_SWIFT_STANDARD_LIBRARIES = YES;
				CODE_SIGN_STYLE = Automatic;
				INFOPLIST_FILE = ApplicationForiOSUITests/Info.plist;
				LD_RUNPATH_SEARCH_PATHS = "$(inherited) @executable_path/Frameworks @loader_path/Frameworks";
				PRODUCT_BUNDLE_IDENTIFIER = com.peers.ApplicationForiOSUITests;
				PRODUCT_NAME = "$(TARGET_NAME)";
				SWIFT_VERSION = 4.0;
				TARGETED_DEVICE_FAMILY = "1,2";
				TEST_TARGET_NAME = ApplicationForiOS;
			};
			name = Debug;
		};
		08C3570420748B5800B49DA3 /* Release */ = {
			isa = XCBuildConfiguration;
			buildSettings = {
				ALWAYS_EMBED_SWIFT_STANDARD_LIBRARIES = YES;
				CODE_SIGN_STYLE = Automatic;
				INFOPLIST_FILE = ApplicationForiOSUITests/Info.plist;
				LD_RUNPATH_SEARCH_PATHS = "$(inherited) @executable_path/Frameworks @loader_path/Frameworks";
				PRODUCT_BUNDLE_IDENTIFIER = com.peers.ApplicationForiOSUITests;
				PRODUCT_NAME = "$(TARGET_NAME)";
				SWIFT_VERSION = 4.0;
				TARGETED_DEVICE_FAMILY = "1,2";
				TEST_TARGET_NAME = ApplicationForiOS;
			};
			name = Release;
		};
/* End XCBuildConfiguration section */

/* Begin XCConfigurationList section */
		08C356CF20748B5700B49DA3 /* Build configuration list for PBXProject "ApplicationForiOS" */ = {
			isa = XCConfigurationList;
			buildConfigurations = (
				08C356FA20748B5800B49DA3 /* Debug */,
				08C356FB20748B5800B49DA3 /* Release */,
			);
			defaultConfigurationIsVisible = 0;
			defaultConfigurationName = Release;
		};
		08C356FC20748B5800B49DA3 /* Build configuration list for PBXNativeTarget "ApplicationForiOS" */ = {
			isa = XCConfigurationList;
			buildConfigurations = (
				08C356FD20748B5800B49DA3 /* Debug */,
				08C356FE20748B5800B49DA3 /* Release */,
			);
			defaultConfigurationIsVisible = 0;
			defaultConfigurationName = Release;
		};
		08C356FF20748B5800B49DA3 /* Build configuration list for PBXNativeTarget "ApplicationForiOSTests" */ = {
			isa = XCConfigurationList;
			buildConfigurations = (
				08C3570020748B5800B49DA3 /* Debug */,
				08C3570120748B5800B49DA3 /* Release */,
			);
			defaultConfigurationIsVisible = 0;
			defaultConfigurationName = Release;
		};
		08C3570220748B5800B49DA3 /* Build configuration list for PBXNativeTarget "ApplicationForiOSUITests" */ = {
			isa = XCConfigurationList;
			buildConfigurations = (
				08C3570320748B5800B49DA3 /* Debug */,
				08C3570420748B5800B49DA3 /* Release */,
			);
			defaultConfigurationIsVisible = 0;
			defaultConfigurationName = Release;
		};
/* End XCConfigurationList section */
	};
	rootObject = 08C356CC20748B5700B49DA3 /* Project object */;
}
